{
  "name": "transcription-container",
  "version": "1.0.0",
  "lockfileVersion": 3,
  "requires": true,
  "packages": {
    "": {
      "name": "transcription-container",
      "version": "1.0.0",
      "dependencies": {
        "@hono/node-server": "^1.13.0",
        "hono": "^4.12.5"
      }
    },
    "node_modules/@hono/node-server": {
      "version": "1.19.12",
      "resolved": "https://registry.npmjs.org/@hono/node-server/-/node-server-1.19.12.tgz",
      "integrity": "sha512-txsUW4SQ1iilgE0l9/e9VQWmELXifEFvmdA1j6WFh/aFPj99hIntrSsq/if0UWyGVkmrRPKA1wCeP+UCr1B9Uw==",
      "license": "MIT",
      "engines": {
        "node": ">=18.14.1"
      },
      "peerDependencies": {
        "hono": "^4"
      }
    },
    "node_modules/hono": {
      "version": "4.12.10",
      "resolved": "https://registry.npmjs.org/hono/-/hono-4.12.10.tgz",
      "integrity": "sha512-mx/p18PLy5og9ufies2GOSUqep98Td9q4i/EF6X7yJgAiIopxqdfIO3jbqsi3jRgTgw88jMDEzVKi+V2EF+27w==",
      "license": "MIT",
      "engines": {
        "node": ">=16.9.0"
      }
    }
  }
}
